
Microsoft Visual Studio Solution File, Format Version 11.00
# Visual Studio 2010
Project("{FAE04EC0-301F-11D3-BF4B-00C04F79EFBC}") = "InesGame", "Assembly-CSharp.csproj", "{91D71D09-86E9-B818-0B5A-0B1EFC723771}"
EndProject
Project("{FAE04EC0-301F-11D3-BF4B-00C04F79EFBC}") = "InesGame", "Assembly-UnityScript.unityproj", "{85FBA64F-E436-47E3-3A0F-E9FA85CF1857}"
EndProject
Global
	GlobalSection(SolutionConfigurationPlatforms) = preSolution
		Debug|Any CPU = Debug|Any CPU
		Release|Any CPU = Release|Any CPU
	EndGlobalSection
	GlobalSection(ProjectConfigurationPlatforms) = postSolution
		{91D71D09-86E9-B818-0B5A-0B1EFC723771}.Debug|Any CPU.ActiveCfg = Debug|Any CPU
		{91D71D09-86E9-B818-0B5A-0B1EFC723771}.Debug|Any CPU.Build.0 = Debug|Any CPU
		{91D71D09-86E9-B818-0B5A-0B1EFC723771}.Release|Any CPU.ActiveCfg = Release|Any CPU
		{91D71D09-86E9-B818-0B5A-0B1EFC723771}.Release|Any CPU.Build.0 = Release|Any CPU
		{85FBA64F-E436-47E3-3A0F-E9FA85CF1857}.Debug|Any CPU.ActiveCfg = Debug|Any CPU
		{85FBA64F-E436-47E3-3A0F-E9FA85CF1857}.Debug|Any CPU.Build.0 = Debug|Any CPU
		{85FBA64F-E436-47E3-3A0F-E9FA85CF1857}.Release|Any CPU.ActiveCfg = Release|Any CPU
		{85FBA64F-E436-47E3-3A0F-E9FA85CF1857}.Release|Any CPU.Build.0 = Release|Any CPU
	EndGlobalSection
	GlobalSection(SolutionProperties) = preSolution
		HideSolutionNode = FALSE
	EndGlobalSection
	GlobalSection(MonoDevelopProperties) = preSolution
		StartupItem = Assembly-CSharp.csproj
	EndGlobalSection
EndGlobal
